
Microsoft Visual Studio Solution File, Format Version 12.00
# Visual Studio Version 17
VisualStudioVersion = 17.3.32901.215
MinimumVisualStudioVersion = 10.0.40219.1
Project("{FAE04EC0-301F-11D3-BF4B-00C04F79EFBC}") = "Lesson11", "Lesson11\Lesson11.csproj", "{2D6B1F20-01E3-4A08-A8CB-72961AEA6ADA}"
EndProject
Global
	GlobalSection(SolutionConfigurationPlatforms) = preSolution
		Debug|Any CPU = Debug|Any CPU
		Release|Any CPU = Release|Any CPU
	EndGlobalSection
	GlobalSection(ProjectConfigurationPlatforms) = postSolution
		{2D6B1F20-01E3-4A08-A8CB-72961AEA6ADA}.Debug|Any CPU.ActiveCfg = Debug|Any CPU
		{2D6B1F20-01E3-4A08-A8CB-72961AEA6ADA}.Debug|Any CPU.Build.0 = Debug|Any CPU
		{2D6B1F20-01E3-4A08-A8CB-72961AEA6ADA}.Release|Any CPU.ActiveCfg = Release|Any CPU
		{2D6B1F20-01E3-4A08-A8CB-72961AEA6ADA}.Release|Any CPU.Build.0 = Release|Any CPU
	EndGlobalSection
	GlobalSection(SolutionProperties) = preSolution
		HideSolutionNode = FALSE
	EndGlobalSection
	GlobalSection(ExtensibilityGlobals) = postSolution
		SolutionGuid = {4D1A42E5-2E67-42BB-A8B0-6BA965DA66DD}
	EndGlobalSection
EndGlobal
